// !$*UTF8*$!
{
	archiveVersion = 1;
	classes = {
	};
	objectVersion = 56;
	objects = {

/* Begin PBXBuildFile section */
		8D009E7E2B7009F6003CEDA1 /* AppDelegate.swift in Sources */ = {isa = PBXBuildFile; fileRef = 8D009E7D2B7009F6003CEDA1 /* AppDelegate.swift */; };
		8D009E802B7009F6003CEDA1 /* SceneDelegate.swift in Sources */ = {isa = PBXBuildFile; fileRef = 8D009E7F2B7009F6003CEDA1 /* SceneDelegate.swift */; };
		8D009E822B7009F6003CEDA1 /* ViewController.swift in Sources */ = {isa = PBXBuildFile; fileRef = 8D009E812B7009F6003CEDA1 /* ViewController.swift */; };
		8D009E872B7009FA003CEDA1 /* Assets.xcassets in Resources */ = {isa = PBXBuildFile; fileRef = 8D009E862B7009FA003CEDA1 /* Assets.xcassets */; };
		8D009E8A2B7009FA003CEDA1 /* LaunchScreen.storyboard in Resources */ = {isa = PBXBuildFile; fileRef = 8D009E882B7009FA003CEDA1 /* LaunchScreen.storyboard */; };
		8D009E952B7009FA003CEDA1 /* SwiftSerpentTests.swift in Sources */ = {isa = PBXBuildFile; fileRef = 8D009E942B7009FA003CEDA1 /* SwiftSerpentTests.swift */; };
		8D009E9F2B7009FA003CEDA1 /* SwiftSerpentUITests.swift in Sources */ = {isa = PBXBuildFile; fileRef = 8D009E9E2B7009FA003CEDA1 /* SwiftSerpentUITests.swift */; };
		8D009EA12B7009FA003CEDA1 /* SwiftSerpentUITestsLaunchTests.swift in Sources */ = {isa = PBXBuildFile; fileRef = 8D009EA02B7009FA003CEDA1 /* SwiftSerpentUITestsLaunchTests.swift */; };
/* End PBXBuildFile section */

/* Begin PBXContainerItemProxy section */
		8D009E912B7009FA003CEDA1 /* PBXContainerItemProxy */ = {
			isa = PBXContainerItemProxy;
			containerPortal = 8D009E722B7009F6003CEDA1 /* Project object */;
			proxyType = 1;
			remoteGlobalIDString = 8D009E792B7009F6003CEDA1;
			remoteInfo = SwiftSerpent;
		};
		8D009E9B2B7009FA003CEDA1 /* PBXContainerItemProxy */ = {
			isa = PBXContainerItemProxy;
			containerPortal = 8D009E722B7009F6003CEDA1 /* Project object */;
			proxyType = 1;
			remoteGlobalIDString = 8D009E792B7009F6003CEDA1;
			remoteInfo = SwiftSerpent;
		};
/* End PBXContainerItemProxy section */

/* Begin PBXFileReference section */
		8D009E7A2B7009F6003CEDA1 /* SwiftSerpent.app */ = {isa = PBXFileReference; explicitFileType = wrapper.application; includeInIndex = 0; path = SwiftSerpent.app; sourceTree = BUILT_PRODUCTS_DIR; };
		8D009E7D2B7009F6003CEDA1 /* AppDelegate.swift */ = {isa = PBXFileReference; lastKnownFileType = sourcecode.swift; path = AppDelegate.swift; sourceTree = "<group>"; };
		8D009E7F2B7009F6003CEDA1 /* SceneDelegate.swift */ = {isa = PBXFileReference; lastKnownFileType = sourcecode.swift; path = SceneDelegate.swift; sourceTree = "<group>"; };
		8D009E812B7009F6003CEDA1 /* ViewController.swift */ = {isa = PBXFileReference; lastKnownFileType = sourcecode.swift; path = ViewController.swift; sourceTree = "<group>"; };
		8D009E862B7009FA003CEDA1 /* Assets.xcassets */ = {isa = PBXFileReference; lastKnownFileType = folder.assetcatalog; path = Assets.xcassets; sourceTree = "<group>"; };
		8D009E892B7009FA003CEDA1 /* Base */ = {isa = PBXFileReference; lastKnownFileType = file.storyboard; name = Base; path = Base.lproj/LaunchScreen.storyboard; sourceTree = "<group>"; };
		8D009E8B2B7009FA003CEDA1 /* Info.plist */ = {isa = PBXFileReference; lastKnownFileType = text.plist.xml; path = Info.plist; sourceTree = "<group>"; };
		8D009E902B7009FA003CEDA1 /* SwiftSerpentTests.xctest */ = {isa = PBXFileReference; explicitFileType = wrapper.cfbundle; includeInIndex = 0; path = SwiftSerpentTests.xctest; sourceTree = BUILT_PRODUCTS_DIR; };
		8D009E942B7009FA003CEDA1 /* SwiftSerpentTests.swift */ = {isa = PBXFileReference; lastKnownFileType = sourcecode.swift; path = SwiftSerpentTests.swift; sourceTree = "<group>"; };
		8D009E9A2B7009FA003CEDA1 /* SwiftSerpentUITests.xctest */ = {isa = PBXFileReference; explicitFileType = wrapper.cfbundle; includeInIndex = 0; path = SwiftSerpentUITests.xctest; sourceTree = BUILT_PRODUCTS_DIR; };
		8D009E9E2B7009FA003CEDA1 /* SwiftSerpentUITests.swift */ = {isa = PBXFileReference; lastKnownFileType = sourcecode.swift; path = SwiftSerpentUITests.swift; sourceTree = "<group>"; };
		8D009EA02B7009FA003CEDA1 /* SwiftSerpentUITestsLaunchTests.swift */ = {isa = PBXFileReference; lastKnownFileType = sourcecode.swift; path = SwiftSerpentUITestsLaunchTests.swift; sourceTree = "<group>"; };
/* End PBXFileReference section */

/* Begin PBXFrameworksBuildPhase section */
		8D009E772B7009F6003CEDA1 /* Frameworks */ = {
			isa = PBXFrameworksBuildPhase;
			buildActionMask = 2147483647;
			files = (
			);
			runOnlyForDeploymentPostprocessing = 0;
		};
		8D009E8D2B7009FA003CEDA1 /* Frameworks */ = {
			isa = PBXFrameworksBuildPhase;
			buildActionMask = 2147483647;
			files = (
			);
			runOnlyForDeploymentPostprocessing = 0;
		};
		8D009E972B7009FA003CEDA1 /* Frameworks */ = {
			isa = PBXFrameworksBuildPhase;
			buildActionMask = 2147483647;
			files = (
			);
			runOnlyForDeploymentPostprocessing = 0;
		};
/* End PBXFrameworksBuildPhase section */

/* Begin PBXGroup section */
		8D009E712B7009F6003CEDA1 = {
			isa = PBXGroup;
			children = (
				8D009E7C2B7009F6003CEDA1 /* SwiftSerpent */,
				8D009E932B7009FA003CEDA1 /* SwiftSerpentTests */,
				8D009E9D2B7009FA003CEDA1 /* SwiftSerpentUITests */,
				8D009E7B2B7009F6003CEDA1 /* Products */,
			);
			sourceTree = "<group>";
		};
		8D009E7B2B7009F6003CEDA1 /* Products */ = {
			isa = PBXGroup;
			children = (
				8D009E7A2B7009F6003CEDA1 /* SwiftSerpent.app */,
				8D009E902B7009FA003CEDA1 /* SwiftSerpentTests.xctest */,
				8D009E9A2B7009FA003CEDA1 /* SwiftSerpentUITests.xctest */,
			);
			name = Products;
			sourceTree = "<group>";
		};
		8D009E7C2B7009F6003CEDA1 /* SwiftSerpent */ = {
			isa = PBXGroup;
			children = (
				8D009E7D2B7009F6003CEDA1 /* AppDelegate.swift */,
				8D009E7F2B7009F6003CEDA1 /* SceneDelegate.swift */,
				8D009E812B7009F6003CEDA1 /* ViewController.swift */,
				8D009E862B7009FA003CEDA1 /* Assets.xcassets */,
				8D009E882B7009FA003CEDA1 /* LaunchScreen.storyboard */,
				8D009E8B2B7009FA003CEDA1 /* Info.plist */,
			);
			path = SwiftSerpent;
			sourceTree = "<group>";
		};
		8D009E932B7009FA003CEDA1 /* SwiftSerpentTests */ = {
			isa = PBXGroup;
			children = (
				8D009E942B7009FA003CEDA1 /* SwiftSerpentTests.swift */,
			);
			path = SwiftSerpentTests;
			sourceTree = "<group>";
		};
		8D009E9D2B7009FA003CEDA1 /* SwiftSerpentUITests */ = {
			isa = PBXGroup;
			children = (
				8D009E9E2B7009FA003CEDA1 /* SwiftSerpentUITests.swift */,
				8D009EA02B7009FA003CEDA1 /* SwiftSerpentUITestsLaunchTests.swift */,
			);
			path = SwiftSerpentUITests;
			sourceTree = "<group>";
		};
/* End PBXGroup section */

/* Begin PBXNativeTarget section */
		8D009E792B7009F6003CEDA1 /* SwiftSerpent */ = {
			isa = PBXNativeTarget;
			buildConfigurationList = 8D009EA42B7009FA003CEDA1 /* Build configuration list for PBXNativeTarget "SwiftSerpent" */;
			buildPhases = (
				8D009E762B7009F6003CEDA1 /* Sources */,
				8D009E772B7009F6003CEDA1 /* Frameworks */,
				8D009E782B7009F6003CEDA1 /* Resources */,
			);
			buildRules = (
			);
			dependencies = (
			);
			name = SwiftSerpent;
			productName = SwiftSerpent;
			productReference = 8D009E7A2B7009F6003CEDA1 /* SwiftSerpent.app */;
			productType = "com.apple.product-type.application";
		};
		8D009E8F2B7009FA003CEDA1 /* SwiftSerpentTests */ = {
			isa = PBXNativeTarget;
			buildConfigurationList = 8D009EA72B7009FA003CEDA1 /* Build configuration list for PBXNativeTarget "SwiftSerpentTests" */;
			buildPhases = (
				8D009E8C2B7009FA003CEDA1 /* Sources */,
				8D009E8D2B7009FA003CEDA1 /* Frameworks */,
				8D009E8E2B7009FA003CEDA1 /* Resources */,
			);
			buildRules = (
			);
			dependencies = (
				8D009E922B7009FA003CEDA1 /* PBXTargetDependency */,
			);
			name = SwiftSerpentTests;
			productName = SwiftSerpentTests;
			productReference = 8D009E902B7009FA003CEDA1 /* SwiftSerpentTests.xctest */;
			productType = "com.apple.product-type.bundle.unit-test";
		};
		8D009E992B7009FA003CEDA1 /* SwiftSerpentUITests */ = {
			isa = PBXNativeTarget;
			buildConfigurationList = 8D009EAA2B7009FA003CEDA1 /* Build configuration list for PBXNativeTarget "SwiftSerpentUITests" */;
			buildPhases = (
				8D009E962B7009FA003CEDA1 /* Sources */,
				8D009E972B7009FA003CEDA1 /* Frameworks */,
				8D009E982B7009FA003CEDA1 /* Resources */,
			);
			buildRules = (
			);
			dependencies = (
				8D009E9C2B7009FA003CEDA1 /* PBXTargetDependency */,
			);
			name = SwiftSerpentUITests;
			productName = SwiftSerpentUITests;
			productReference = 8D009E9A2B7009FA003CEDA1 /* SwiftSerpentUITests.xctest */;
			productType = "com.apple.product-type.bundle.ui-testing";
		};
/* End PBXNativeTarget section */

/* Begin PBXProject section */
		8D009E722B7009F6003CEDA1 /* Project object */ = {
			isa = PBXProject;
			attributes = {
				BuildIndependentTargetsInParallel = 1;
				LastSwiftUpdateCheck = 1520;
				LastUpgradeCheck = 1520;
				TargetAttributes = {
					8D009E792B7009F6003CEDA1 = {
						CreatedOnToolsVersion = 15.2;
					};
					8D009E8F2B7009FA003CEDA1 = {
						CreatedOnToolsVersion = 15.2;
						TestTargetID = 8D009E792B7009F6003CEDA1;
					};
					8D009E992B7009FA003CEDA1 = {
						CreatedOnToolsVersion = 15.2;
						TestTargetID = 8D009E792B7009F6003CEDA1;
					};
				};
			};
			buildConfigurationList = 8D009E752B7009F6003CEDA1 /* Build configuration list for PBXProject "SwiftSerpent" */;
			compatibilityVersion = "Xcode 14.0";
			developmentRegion = en;
			hasScannedForEncodings = 0;
			knownRegions = (
				en,
				Base,
			);
			mainGroup = 8D009E712B7009F6003CEDA1;
			productRefGroup = 8D009E7B2B7009F6003CEDA1 /* Products */;
			projectDirPath = "";
			projectRoot = "";
			targets = (
				8D009E792B7009F6003CEDA1 /* SwiftSerpent */,
				8D009E8F2B7009FA003CEDA1 /* SwiftSerpentTests */,
				8D009E992B7009FA003CEDA1 /* SwiftSerpentUITests */,
			);
		};
/* End PBXProject section */

/* Begin PBXResourcesBuildPhase section */
		8D009E782B7009F6003CEDA1 /* Resources */ = {
			isa = PBXResourcesBuildPhase;
			buildActionMask = 2147483647;
			files = (
				8D009E8A2B7009FA003CEDA1 /* LaunchScreen.storyboard in Resources */,
				8D009E872B7009FA003CEDA1 /* Assets.xcassets in Resources */,
			);
			runOnlyForDeploymentPostprocessing = 0;
		};
		8D009E8E2B7009FA003CEDA1 /* Resources */ = {
			isa = PBXResourcesBuildPhase;
			buildActionMask = 2147483647;
			files = (
			);
			runOnlyForDeploymentPostprocessing = 0;
		};
		8D009E982B7009FA003CEDA1 /* Resources */ = {
			isa = PBXResourcesBuildPhase;
			buildActionMask = 2147483647;
			files = (
			);
			runOnlyForDeploymentPostprocessing = 0;
		};
/* End PBXResourcesBuildPhase section */

/* Begin PBXSourcesBuildPhase section */
		8D009E762B7009F6003CEDA1 /* Sources */ = {
			isa = PBXSourcesBuildPhase;
			buildActionMask = 2147483647;
			files = (
				8D009E822B7009F6003CEDA1 /* ViewController.swift in Sources */,
				8D009E7E2B7009F6003CEDA1 /* AppDelegate.swift in Sources */,
				8D009E802B7009F6003CEDA1 /* SceneDelegate.swift in Sources */,
			);
			runOnlyForDeploymentPostprocessing = 0;
		};
		8D009E8C2B7009FA003CEDA1 /* Sources */ = {
			isa = PBXSourcesBuildPhase;
			buildActionMask = 2147483647;
			files = (
				8D009E952B7009FA003CEDA1 /* SwiftSerpentTests.swift in Sources */,
			);
			runOnlyForDeploymentPostprocessing = 0;
		};
		8D009E962B7009FA003CEDA1 /* Sources */ = {
			isa = PBXSourcesBuildPhase;
			buildActionMask = 2147483647;
			files = (
				8D009EA12B7009FA003CEDA1 /* SwiftSerpentUITestsLaunchTests.swift in Sources */,
				8D009E9F2B7009FA003CEDA1 /* SwiftSerpentUITests.swift in Sources */,
			);
			runOnlyForDeploymentPostprocessing = 0;
		};
/* End PBXSourcesBuildPhase section */

/* Begin PBXTargetDependency section */
		8D009E922B7009FA003CEDA1 /* PBXTargetDependency */ = {
			isa = PBXTargetDependency;
			target = 8D009E792B7009F6003CEDA1 /* SwiftSerpent */;
			targetProxy = 8D009E912B7009FA003CEDA1 /* PBXContainerItemProxy */;
		};
		8D009E9C2B7009FA003CEDA1 /* PBXTargetDependency */ = {
			isa = PBXTargetDependency;
			target = 8D009E792B7009F6003CEDA1 /* SwiftSerpent */;
			targetProxy = 8D009E9B2B7009FA003CEDA1 /* PBXContainerItemProxy */;
		};
/* End PBXTargetDependency section */

/* Begin PBXVariantGroup section */
		8D009E882B7009FA003CEDA1 /* LaunchScreen.storyboard */ = {
			isa = PBXVariantGroup;
			children = (
				8D009E892B7009FA003CEDA1 /* Base */,
			);
			name = LaunchScreen.storyboard;
			sourceTree = "<group>";
		};
/* End PBXVariantGroup section */

/* Begin XCBuildConfiguration section */
		8D009EA22B7009FA003CEDA1 /* Debug */ = {
			isa = XCBuildConfiguration;
			buildSettings = {
				ALWAYS_SEARCH_USER_PATHS = NO;
				ASSETCATALOG_COMPILER_GENERATE_SWIFT_ASSET_SYMBOL_EXTENSIONS = YES;
				CLANG_ANALYZER_NONNULL = YES;
				CLANG_ANALYZER_NUMBER_OBJECT_CONVERSION = YES_AGGRESSIVE;
				CLANG_CXX_LANGUAGE_STANDARD = "gnu++20";
				CLANG_ENABLE_MODULES = YES;
				CLANG_ENABLE_OBJC_ARC = YES;
				CLANG_ENABLE_OBJC_WEAK = YES;
				CLANG_WARN_BLOCK_CAPTURE_AUTORELEASING = YES;
				CLANG_WARN_BOOL_CONVERSION = YES;
				CLANG_WARN_COMMA = YES;
				CLANG_WARN_CONSTANT_CONVERSION = YES;
				CLANG_WARN_DEPRECATED_OBJC_IMPLEMENTATIONS = YES;
				CLANG_WARN_DIRECT_OBJC_ISA_USAGE = YES_ERROR;
				CLANG_WARN_DOCUMENTATION_COMMENTS = YES;
				CLANG_WARN_EMPTY_BODY = YES;
				CLANG_WARN_ENUM_CONVERSION = YES;
				CLANG_WARN_INFINITE_RECURSION = YES;
				CLANG_WARN_INT_CONVERSION = YES;
				CLANG_WARN_NON_LITERAL_NULL_CONVERSION = YES;
				CLANG_WARN_OBJC_IMPLICIT_RETAIN_SELF = YES;
				CLANG_WARN_OBJC_LITERAL_CONVERSION = YES;
				CLANG_WARN_OBJC_ROOT_CLASS = YES_ERROR;
				CLANG_WARN_QUOTED_INCLUDE_IN_FRAMEWORK_HEADER = YES;
				CLANG_WARN_RANGE_LOOP_ANALYSIS = YES;
				CLANG_WARN_STRICT_PROTOTYPES = YES;
				CLANG_WARN_SUSPICIOUS_MOVE = YES;
				CLANG_WARN_UNGUARDED_AVAILABILITY = YES_AGGRESSIVE;
				CLANG_WARN_UNREACHABLE_CODE = YES;
				CLANG_WARN__DUPLICATE_METHOD_MATCH = YES;
				COPY_PHASE_STRIP = NO;
				DEBUG_INFORMATION_FORMAT = dwarf;
				ENABLE_STRICT_OBJC_MSGSEND = YES;
				ENABLE_TESTABILITY = YES;
				ENABLE_USER_SCRIPT_SANDBOXING = YES;
				GCC_C_LANGUAGE_STANDARD = gnu17;
				GCC_DYNAMIC_NO_PIC = NO;
				GCC_NO_COMMON_BLOCKS = YES;
				GCC_OPTIMIZATION_LEVEL = 0;
				GCC_PREPROCESSOR_DEFINITIONS = (
					"DEBUG=1",
					"$(inherited)",
				);
				GCC_WARN_64_TO_32_BIT_CONVERSION = YES;
				GCC_WARN_ABOUT_RETURN_TYPE = YES_ERROR;
				GCC_WARN_UNDECLARED_SELECTOR = YES;
				GCC_WARN_UNINITIALIZED_AUTOS = YES_AGGRESSIVE;
				GCC_WARN_UNUSED_FUNCTION = YES;
				GCC_WARN_UNUSED_VARIABLE = YES;
				IPHONEOS_DEPLOYMENT_TARGET = 17.2;
				LOCALIZATION_PREFERS_STRING_CATALOGS = YES;
				MTL_ENABLE_DEBUG_INFO = INCLUDE_SOURCE;
				MTL_FAST_MATH = YES;
				ONLY_ACTIVE_ARCH = YES;
				SDKROOT = iphoneos;
				SWIFT_ACTIVE_COMPILATION_CONDITIONS = "DEBUG $(inherited)";
				SWIFT_OPTIMIZATION_LEVEL = "-Onone";
			};
			name = Debug;
		};
		8D009EA32B7009FA003CEDA1 /* Release */ = {
			isa = XCBuildConfiguration;
			buildSettings = {
				ALWAYS_SEARCH_USER_PATHS = NO;
				ASSETCATALOG_COMPILER_GENERATE_SWIFT_ASSET_SYMBOL_EXTENSIONS = YES;
				CLANG_ANALYZER_NONNULL = YES;
				CLANG_ANALYZER_NUMBER_OBJECT_CONVERSION = YES_AGGRESSIVE;
				CLANG_CXX_LANGUAGE_STANDARD = "gnu++20";
				CLANG_ENABLE_MODULES = YES;
				CLANG_ENABLE_OBJC_ARC = YES;
				CLANG_ENABLE_OBJC_WEAK = YES;
				CLANG_WARN_BLOCK_CAPTURE_AUTORELEASING = YES;
				CLANG_WARN_BOOL_CONVERSION = YES;
				CLANG_WARN_COMMA = YES;
				CLANG_WARN_CONSTANT_CONVERSION = YES;
				CLANG_WARN_DEPRECATED_OBJC_IMPLEMENTATIONS = YES;
				CLANG_WARN_DIRECT_OBJC_ISA_USAGE = YES_ERROR;
				CLANG_WARN_DOCUMENTATION_COMMENTS = YES;
				CLANG_WARN_EMPTY_BODY = YES;
				CLANG_WARN_ENUM_CONVERSION = YES;
				CLANG_WARN_INFINITE_RECURSION = YES;
				CLANG_WARN_INT_CONVERSION = YES;
				CLANG_WARN_NON_LITERAL_NULL_CONVERSION = YES;
				CLANG_WARN_OBJC_IMPLICIT_RETAIN_SELF = YES;
				CLANG_WARN_OBJC_LITERAL_CONVERSION = YES;
				CLANG_WARN_OBJC_ROOT_CLASS = YES_ERROR;
				CLANG_WARN_QUOTED_INCLUDE_IN_FRAMEWORK_HEADER = YES;
				CLANG_WARN_RANGE_LOOP_ANALYSIS = YES;
				CLANG_WARN_STRICT_PROTOTYPES = YES;
				CLANG_WARN_SUSPICIOUS_MOVE = YES;
				CLANG_WARN_UNGUARDED_AVAILABILITY = YES_AGGRESSIVE;
				CLANG_WARN_UNREACHABLE_CODE = YES;
				CLANG_WARN__DUPLICATE_METHOD_MATCH = YES;
				COPY_PHASE_STRIP = NO;
				DEBUG_INFORMATION_FORMAT = "dwarf-with-dsym";
				ENABLE_NS_ASSERTIONS = NO;
				ENABLE_STRICT_OBJC_MSGSEND = YES;
				ENABLE_USER_SCRIPT_SANDBOXING = YES;
				GCC_C_LANGUAGE_STANDARD = gnu17;
				GCC_NO_COMMON_BLOCKS = YES;
				GCC_WARN_64_TO_32_BIT_CONVERSION = YES;
				GCC_WARN_ABOUT_RETURN_TYPE = YES_ERROR;
				GCC_WARN_UNDECLARED_SELECTOR = YES;
				GCC_WARN_UNINITIALIZED_AUTOS = YES_AGGRESSIVE;
				GCC_WARN_UNUSED_FUNCTION = YES;
				GCC_WARN_UNUSED_VARIABLE = YES;
				IPHONEOS_DEPLOYMENT_TARGET = 17.2;
				LOCALIZATION_PREFERS_STRING_CATALOGS = YES;
				MTL_ENABLE_DEBUG_INFO = NO;
				MTL_FAST_MATH = YES;
				SDKROOT = iphoneos;
				SWIFT_COMPILATION_MODE = wholemodule;
				VALIDATE_PRODUCT = YES;
			};
			name = Release;
		};
		8D009EA52B7009FA003CEDA1 /* Debug */ = {
			isa = XCBuildConfiguration;
			buildSettings = {
				ASSETCATALOG_COMPILER_APPICON_NAME = AppIcon;
				ASSETCATALOG_COMPILER_GLOBAL_ACCENT_COLOR_NAME = AccentColor;
				CODE_SIGN_STYLE = Automatic;
				CURRENT_PROJECT_VERSION = 1;
				DEVELOPMENT_TEAM = VVBZ3B874L;
				GENERATE_INFOPLIST_FILE = YES;
				INFOPLIST_FILE = SwiftSerpent/Info.plist;
				INFOPLIST_KEY_UIApplicationSupportsIndirectInputEvents = YES;
				INFOPLIST_KEY_UILaunchStoryboardName = LaunchScreen;
				INFOPLIST_KEY_UISupportedInterfaceOrientations_iPad = "UIInterfaceOrientationPortrait UIInterfaceOrientationPortraitUpsideDown UIInterfaceOrientationLandscapeLeft UIInterfaceOrientationLandscapeRight";
				INFOPLIST_KEY_UISupportedInterfaceOrientations_iPhone = "UIInterfaceOrientationPortrait UIInterfaceOrientationLandscapeLeft UIInterfaceOrientationLandscapeRight";
				LD_RUNPATH_SEARCH_PATHS = (
					"$(inherited)",
					"@executable_path/Frameworks",
				);
				MARKETING_VERSION = 1.0;
				PRODUCT_BUNDLE_IDENTIFIER = com.ddhr4m.dharma.SwiftSerpent;
				PRODUCT_NAME = "$(TARGET_NAME)";
				SWIFT_EMIT_LOC_STRINGS = YES;
				SWIFT_VERSION = 5.0;
				TARGETED_DEVICE_FAMILY = "1,2";
			};
			name = Debug;
		};
		8D009EA62B7009FA003CEDA1 /* Release */ = {
			isa = XCBuildConfiguration;
			buildSettings = {
				ASSETCATALOG_COMPILER_APPICON_NAME = AppIcon;
				ASSETCATALOG_COMPILER_GLOBAL_ACCENT_COLOR_NAME = AccentColor;
				CODE_SIGN_STYLE = Automatic;
				CURRENT_PROJECT_VERSION = 1;
				DEVELOPMENT_TEAM = VVBZ3B874L;
				GENERATE_INFOPLIST_FILE = YES;
				INFOPLIST_FILE = SwiftSerpent/Info.plist;
				INFOPLIST_KEY_UIApplicationSupportsIndirectInputEvents = YES;
				INFOPLIST_KEY_UILaunchStoryboardName = LaunchScreen;
				INFOPLIST_KEY_UISupportedInterfaceOrientations_iPad = "UIInterfaceOrientationPortrait UIInterfaceOrientationPortraitUpsideDown UIInterfaceOrientationLandscapeLeft UIInterfaceOrientationLandscapeRight";
				INFOPLIST_KEY_UISupportedInterfaceOrientations_iPhone = "UIInterfaceOrientationPortrait UIInterfaceOrientationLandscapeLeft UIInterfaceOrientationLandscapeRight";
				LD_RUNPATH_SEARCH_PATHS = (
					"$(inherited)",
					"@executable_path/Frameworks",
				);
				MARKETING_VERSION = 1.0;
				PRODUCT_BUNDLE_IDENTIFIER = com.ddhr4m.dharma.SwiftSerpent;
				PRODUCT_NAME = "$(TARGET_NAME)";
				SWIFT_EMIT_LOC_STRINGS = YES;
				SWIFT_VERSION = 5.0;
				TARGETED_DEVICE_FAMILY = "1,2";
			};
			name = Release;
		};
		8D009EA82B7009FA003CEDA1 /* Debug */ = {
			isa = XCBuildConfiguration;
			buildSettings = {
				ALWAYS_EMBED_SWIFT_STANDARD_LIBRARIES = YES;
				BUNDLE_LOADER = "$(TEST_HOST)";
				CODE_SIGN_STYLE = Automatic;
				CURRENT_PROJECT_VERSION = 1;
				DEVELOPMENT_TEAM = VVBZ3B874L;
				GENERATE_INFOPLIST_FILE = YES;
				IPHONEOS_DEPLOYMENT_TARGET = 17.2;
				MARKETING_VERSION = 1.0;
				PRODUCT_BUNDLE_IDENTIFIER = com.ddhr4m.dharma.SwiftSerpentTests;
				PRODUCT_NAME = "$(TARGET_NAME)";
				SWIFT_EMIT_LOC_STRINGS = NO;
				SWIFT_VERSION = 5.0;
				TARGETED_DEVICE_FAMILY = "1,2";
				TEST_HOST = "$(BUILT_PRODUCTS_DIR)/SwiftSerpent.app/$(BUNDLE_EXECUTABLE_FOLDER_PATH)/SwiftSerpent";
			};
			name = Debug;
		};
		8D009EA92B7009FA003CEDA1 /* Release */ = {
			isa = XCBuildConfiguration;
			buildSettings = {
				ALWAYS_EMBED_SWIFT_STANDARD_LIBRARIES = YES;
				BUNDLE_LOADER = "$(TEST_HOST)";
				CODE_SIGN_STYLE = Automatic;
				CURRENT_PROJECT_VERSION = 1;
				DEVELOPMENT_TEAM = VVBZ3B874L;
				GENERATE_INFOPLIST_FILE = YES;
				IPHONEOS_DEPLOYMENT_TARGET = 17.2;
				MARKETING_VERSION = 1.0;
				PRODUCT_BUNDLE_IDENTIFIER = com.ddhr4m.dharma.SwiftSerpentTests;
				PRODUCT_NAME = "$(TARGET_NAME)";
				SWIFT_EMIT_LOC_STRINGS = NO;
				SWIFT_VERSION = 5.0;
				TARGETED_DEVICE_FAMILY = "1,2";
				TEST_HOST = "$(BUILT_PRODUCTS_DIR)/SwiftSerpent.app/$(BUNDLE_EXECUTABLE_FOLDER_PATH)/SwiftSerpent";
			};
			name = Release;
		};
		8D009EAB2B7009FA003CEDA1 /* Debug */ = {
			isa = XCBuildConfiguration;
			buildSettings = {
				ALWAYS_EMBED_SWIFT_STANDARD_LIBRARIES = YES;
				CODE_SIGN_STYLE = Automatic;
				CURRENT_PROJECT_VERSION = 1;
				DEVELOPMENT_TEAM = VVBZ3B874L;
				GENERATE_INFOPLIST_FILE = YES;
				MARKETING_VERSION = 1.0;
				PRODUCT_BUNDLE_IDENTIFIER = com.ddhr4m.dharma.SwiftSerpentUITests;
				PRODUCT_NAME = "$(TARGET_NAME)";
				SWIFT_EMIT_LOC_STRINGS = NO;
				SWIFT_VERSION = 5.0;
				TARGETED_DEVICE_FAMILY = "1,2";
				TEST_TARGET_NAME = SwiftSerpent;
			};
			name = Debug;
		};
		8D009EAC2B7009FA003CEDA1 /* Release */ = {
			isa = XCBuildConfiguration;
			buildSettings = {
				ALWAYS_EMBED_SWIFT_STANDARD_LIBRARIES = YES;
				CODE_SIGN_STYLE = Automatic;
				CURRENT_PROJECT_VERSION = 1;
				DEVELOPMENT_TEAM = VVBZ3B874L;
				GENERATE_INFOPLIST_FILE = YES;
				MARKETING_VERSION = 1.0;
				PRODUCT_BUNDLE_IDENTIFIER = com.ddhr4m.dharma.SwiftSerpentUITests;
				PRODUCT_NAME = "$(TARGET_NAME)";
				SWIFT_EMIT_LOC_STRINGS = NO;
				SWIFT_VERSION = 5.0;
				TARGETED_DEVICE_FAMILY = "1,2";
				TEST_TARGET_NAME = SwiftSerpent;
			};
			name = Release;
		};
/* End XCBuildConfiguration section */

/* Begin XCConfigurationList section */
		8D009E752B7009F6003CEDA1 /* Build configuration list for PBXProject "SwiftSerpent" */ = {
			isa = XCConfigurationList;
			buildConfigurations = (
				8D009EA22B7009FA003CEDA1 /* Debug */,
				8D009EA32B7009FA003CEDA1 /* Release */,
			);
			defaultConfigurationIsVisible = 0;
			defaultConfigurationName = Release;
		};
		8D009EA42B7009FA003CEDA1 /* Build configuration list for PBXNativeTarget "SwiftSerpent" */ = {
			isa = XCConfigurationList;
			buildConfigurations = (
				8D009EA52B7009FA003CEDA1 /* Debug */,
				8D009EA62B7009FA003CEDA1 /* Release */,
			);
			defaultConfigurationIsVisible = 0;
			defaultConfigurationName = Release;
		};
		8D009EA72B7009FA003CEDA1 /* Build configuration list for PBXNativeTarget "SwiftSerpentTests" */ = {
			isa = XCConfigurationList;
			buildConfigurations = (
				8D009EA82B7009FA003CEDA1 /* Debug */,
				8D009EA92B7009FA003CEDA1 /* Release */,
			);
			defaultConfigurationIsVisible = 0;
			defaultConfigurationName = Release;
		};
		8D009EAA2B7009FA003CEDA1 /* Build configuration list for PBXNativeTarget "SwiftSerpentUITests" */ = {
			isa = XCConfigurationList;
			buildConfigurations = (
				8D009EAB2B7009FA003CEDA1 /* Debug */,
				8D009EAC2B7009FA003CEDA1 /* Release */,
			);
			defaultConfigurationIsVisible = 0;
			defaultConfigurationName = Release;
		};
/* End XCConfigurationList section */
	};
	rootObject = 8D009E722B7009F6003CEDA1 /* Project object */;
}
